// !$*UTF8*$!
{
	archiveVersion = 1;
	classes = {
	};
	objectVersion = 50;
	objects = {

/* Begin PBXBuildFile section */
		3A834E73266F3A7F00787B9E /* 17_4.jpg in Resources */ = {isa = PBXBuildFile; fileRef = 3A834E6A266F3A7F00787B9E /* 17_4.jpg */; };
		3A834E74266F3A7F00787B9E /* 17_3.jpg in Resources */ = {isa = PBXBuildFile; fileRef = 3A834E6B266F3A7F00787B9E /* 17_3.jpg */; };
		3A834E75266F3A7F00787B9E /* 17_1.jpg in Resources */ = {isa = PBXBuildFile; fileRef = 3A834E6C266F3A7F00787B9E /* 17_1.jpg */; };
		3A834E76266F3A7F00787B9E /* 17_2.jpg in Resources */ = {isa = PBXBuildFile; fileRef = 3A834E6D266F3A7F00787B9E /* 17_2.jpg */; };
		3A834E77266F3A7F00787B9E /* 17_5.jpg in Resources */ = {isa = PBXBuildFile; fileRef = 3A834E6E266F3A7F00787B9E /* 17_5.jpg */; };
		3A834E78266F3A7F00787B9E /* 17_7.jpg in Resources */ = {isa = PBXBuildFile; fileRef = 3A834E6F266F3A7F00787B9E /* 17_7.jpg */; };
		3A834E79266F3A7F00787B9E /* 17_8.jpg in Resources */ = {isa = PBXBuildFile; fileRef = 3A834E70266F3A7F00787B9E /* 17_8.jpg */; };
		3A834E7A266F3A7F00787B9E /* 17_9.jpg in Resources */ = {isa = PBXBuildFile; fileRef = 3A834E71266F3A7F00787B9E /* 17_9.jpg */; };
		3A834E7B266F3A7F00787B9E /* 17_6.jpg in Resources */ = {isa = PBXBuildFile; fileRef = 3A834E72266F3A7F00787B9E /* 17_6.jpg */; };
		3A834E7F266F3ACA00787B9E /* 17_11.jpg in Resources */ = {isa = PBXBuildFile; fileRef = 3A834E7C266F3ACA00787B9E /* 17_11.jpg */; };
		3A834E80266F3ACA00787B9E /* 17_12.jpg in Resources */ = {isa = PBXBuildFile; fileRef = 3A834E7D266F3ACA00787B9E /* 17_12.jpg */; };
		3A834E81266F3ACA00787B9E /* 17_10.jpg in Resources */ = {isa = PBXBuildFile; fileRef = 3A834E7E266F3ACA00787B9E /* 17_10.jpg */; };
		3AB9D146266F3548009AE5E1 /* AppDelegate.m in Sources */ = {isa = PBXBuildFile; fileRef = 3AB9D145266F3548009AE5E1 /* AppDelegate.m */; };
		3AB9D149266F3548009AE5E1 /* SceneDelegate.m in Sources */ = {isa = PBXBuildFile; fileRef = 3AB9D148266F3548009AE5E1 /* SceneDelegate.m */; };
		3AB9D14C266F3548009AE5E1 /* ViewController.m in Sources */ = {isa = PBXBuildFile; fileRef = 3AB9D14B266F3548009AE5E1 /* ViewController.m */; };
		3AB9D14F266F3548009AE5E1 /* Main.storyboard in Resources */ = {isa = PBXBuildFile; fileRef = 3AB9D14D266F3548009AE5E1 /* Main.storyboard */; };
		3AB9D151266F3549009AE5E1 /* Assets.xcassets in Resources */ = {isa = PBXBuildFile; fileRef = 3AB9D150266F3549009AE5E1 /* Assets.xcassets */; };
		3AB9D154266F3549009AE5E1 /* LaunchScreen.storyboard in Resources */ = {isa = PBXBuildFile; fileRef = 3AB9D152266F3549009AE5E1 /* LaunchScreen.storyboard */; };
		3AB9D157266F3549009AE5E1 /* main.m in Sources */ = {isa = PBXBuildFile; fileRef = 3AB9D156266F3549009AE5E1 /* main.m */; };
		3AB9D15F266F35C1009AE5E1 /* VCRoot.m in Sources */ = {isa = PBXBuildFile; fileRef = 3AB9D15E266F35C1009AE5E1 /* VCRoot.m */; };
		3AB9D162266F370A009AE5E1 /* VCImageShow.m in Sources */ = {isa = PBXBuildFile; fileRef = 3AB9D161266F370A009AE5E1 /* VCImageShow.m */; };
/* End PBXBuildFile section */

/* Begin PBXFileReference section */
		3A834E6A266F3A7F00787B9E /* 17_4.jpg */ = {isa = PBXFileReference; lastKnownFileType = image.jpeg; path = 17_4.jpg; sourceTree = "<group>"; };
		3A834E6B266F3A7F00787B9E /* 17_3.jpg */ = {isa = PBXFileReference; lastKnownFileType = image.jpeg; path = 17_3.jpg; sourceTree = "<group>"; };
		3A834E6C266F3A7F00787B9E /* 17_1.jpg */ = {isa = PBXFileReference; lastKnownFileType = image.jpeg; path = 17_1.jpg; sourceTree = "<group>"; };
		3A834E6D266F3A7F00787B9E /* 17_2.jpg */ = {isa = PBXFileReference; lastKnownFileType = image.jpeg; path = 17_2.jpg; sourceTree = "<group>"; };
		3A834E6E266F3A7F00787B9E /* 17_5.jpg */ = {isa = PBXFileReference; lastKnownFileType = image.jpeg; path = 17_5.jpg; sourceTree = "<group>"; };
		3A834E6F266F3A7F00787B9E /* 17_7.jpg */ = {isa = PBXFileReference; lastKnownFileType = image.jpeg; path = 17_7.jpg; sourceTree = "<group>"; };
		3A834E70266F3A7F00787B9E /* 17_8.jpg */ = {isa = PBXFileReference; lastKnownFileType = image.jpeg; path = 17_8.jpg; sourceTree = "<group>"; };
		3A834E71266F3A7F00787B9E /* 17_9.jpg */ = {isa = PBXFileReference; lastKnownFileType = image.jpeg; path = 17_9.jpg; sourceTree = "<group>"; };
		3A834E72266F3A7F00787B9E /* 17_6.jpg */ = {isa = PBXFileReference; lastKnownFileType = image.jpeg; path = 17_6.jpg; sourceTree = "<group>"; };
		3A834E7C266F3ACA00787B9E /* 17_11.jpg */ = {isa = PBXFileReference; lastKnownFileType = image.jpeg; path = 17_11.jpg; sourceTree = "<group>"; };
		3A834E7D266F3ACA00787B9E /* 17_12.jpg */ = {isa = PBXFileReference; lastKnownFileType = image.jpeg; path = 17_12.jpg; sourceTree = "<group>"; };
		3A834E7E266F3ACA00787B9E /* 17_10.jpg */ = {isa = PBXFileReference; lastKnownFileType = image.jpeg; path = 17_10.jpg; sourceTree = "<group>"; };
		3AB9D141266F3548009AE5E1 /* photoWallExample.app */ = {isa = PBXFileReference; explicitFileType = wrapper.application; includeInIndex = 0; path = photoWallExample.app; sourceTree = BUILT_PRODUCTS_DIR; };
		3AB9D144266F3548009AE5E1 /* AppDelegate.h */ = {isa = PBXFileReference; lastKnownFileType = sourcecode.c.h; path = AppDelegate.h; sourceTree = "<group>"; };
		3AB9D145266F3548009AE5E1 /* AppDelegate.m */ = {isa = PBXFileReference; lastKnownFileType = sourcecode.c.objc; path = AppDelegate.m; sourceTree = "<group>"; };
		3AB9D147266F3548009AE5E1 /* SceneDelegate.h */ = {isa = PBXFileReference; lastKnownFileType = sourcecode.c.h; path = SceneDelegate.h; sourceTree = "<group>"; };
		3AB9D148266F3548009AE5E1 /* SceneDelegate.m */ = {isa = PBXFileReference; lastKnownFileType = sourcecode.c.objc; path = SceneDelegate.m; sourceTree = "<group>"; };
		3AB9D14A266F3548009AE5E1 /* ViewController.h */ = {isa = PBXFileReference; lastKnownFileType = sourcecode.c.h; path = ViewController.h; sourceTree = "<group>"; };
		3AB9D14B266F3548009AE5E1 /* ViewController.m */ = {isa = PBXFileReference; lastKnownFileType = sourcecode.c.objc; path = ViewController.m; sourceTree = "<group>"; };
		3AB9D14E266F3548009AE5E1 /* Base */ = {isa = PBXFileReference; lastKnownFileType = file.storyboard; name = Base; path = Base.lproj/Main.storyboard; sourceTree = "<group>"; };
		3AB9D150266F3549009AE5E1 /* Assets.xcassets */ = {isa = PBXFileReference; lastKnownFileType = folder.assetcatalog; path = Assets.xcassets; sourceTree = "<group>"; };
		3AB9D153266F3549009AE5E1 /* Base */ = {isa = PBXFileReference; lastKnownFileType = file.storyboard; name = Base; path = Base.lproj/LaunchScreen.storyboard; sourceTree = "<group>"; };
		3AB9D155266F3549009AE5E1 /* Info.plist */ = {isa = PBXFileReference; lastKnownFileType = text.plist.xml; path = Info.plist; sourceTree = "<group>"; };
		3AB9D156266F3549009AE5E1 /* main.m */ = {isa = PBXFileReference; lastKnownFileType = sourcecode.c.objc; path = main.m; sourceTree = "<group>"; };
		3AB9D15D266F35C1009AE5E1 /* VCRoot.h */ = {isa = PBXFileReference; lastKnownFileType = sourcecode.c.h; path = VCRoot.h; sourceTree = "<group>"; };
		3AB9D15E266F35C1009AE5E1 /* VCRoot.m */ = {isa = PBXFileReference; lastKnownFileType = sourcecode.c.objc; path = VCRoot.m; sourceTree = "<group>"; };
		3AB9D160266F370A009AE5E1 /* VCImageShow.h */ = {isa = PBXFileReference; lastKnownFileType = sourcecode.c.h; path = VCImageShow.h; sourceTree = "<group>"; };
		3AB9D161266F370A009AE5E1 /* VCImageShow.m */ = {isa = PBXFileReference; lastKnownFileType = sourcecode.c.objc; path = VCImageShow.m; sourceTree = "<group>"; };
/* End PBXFileReference section */

/* Begin PBXFrameworksBuildPhase section */
		3AB9D13E266F3548009AE5E1 /* Frameworks */ = {
			isa = PBXFrameworksBuildPhase;
			buildActionMask = 2147483647;
			files = (
			);
			runOnlyForDeploymentPostprocessing = 0;
		};
/* End PBXFrameworksBuildPhase section */

/* Begin PBXGroup section */
		3AB9D138266F3548009AE5E1 = {
			isa = PBXGroup;
			children = (
				3A834E6C266F3A7F00787B9E /* 17_1.jpg */,
				3A834E6D266F3A7F00787B9E /* 17_2.jpg */,
				3A834E6B266F3A7F00787B9E /* 17_3.jpg */,
				3A834E6A266F3A7F00787B9E /* 17_4.jpg */,
				3A834E6E266F3A7F00787B9E /* 17_5.jpg */,
				3A834E72266F3A7F00787B9E /* 17_6.jpg */,
				3A834E6F266F3A7F00787B9E /* 17_7.jpg */,
				3A834E70266F3A7F00787B9E /* 17_8.jpg */,
				3A834E71266F3A7F00787B9E /* 17_9.jpg */,
				3A834E7E266F3ACA00787B9E /* 17_10.jpg */,
				3A834E7C266F3ACA00787B9E /* 17_11.jpg */,
				3A834E7D266F3ACA00787B9E /* 17_12.jpg */,
				3AB9D143266F3548009AE5E1 /* photoWallExample */,
				3AB9D142266F3548009AE5E1 /* Products */,
			);
			sourceTree = "<group>";
		};
		3AB9D142266F3548009AE5E1 /* Products */ = {
			isa = PBXGroup;
			children = (
				3AB9D141266F3548009AE5E1 /* photoWallExample.app */,
			);
			name = Products;
			sourceTree = "<group>";
		};
		3AB9D143266F3548009AE5E1 /* photoWallExample */ = {
			isa = PBXGroup;
			children = (
				3AB9D144266F3548009AE5E1 /* AppDelegate.h */,
				3AB9D145266F3548009AE5E1 /* AppDelegate.m */,
				3AB9D147266F3548009AE5E1 /* SceneDelegate.h */,
				3AB9D148266F3548009AE5E1 /* SceneDelegate.m */,
				3AB9D15D266F35C1009AE5E1 /* VCRoot.h */,
				3AB9D15E266F35C1009AE5E1 /* VCRoot.m */,
				3AB9D160266F370A009AE5E1 /* VCImageShow.h */,
				3AB9D161266F370A009AE5E1 /* VCImageShow.m */,
				3AB9D14A266F3548009AE5E1 /* ViewController.h */,
				3AB9D14B266F3548009AE5E1 /* ViewController.m */,
				3AB9D14D266F3548009AE5E1 /* Main.storyboard */,
				3AB9D150266F3549009AE5E1 /* Assets.xcassets */,
				3AB9D152266F3549009AE5E1 /* LaunchScreen.storyboard */,
				3AB9D155266F3549009AE5E1 /* Info.plist */,
				3AB9D156266F3549009AE5E1 /* main.m */,
			);
			path = photoWallExample;
			sourceTree = "<group>";
		};
/* End PBXGroup section */

/* Begin PBXNativeTarget section */
		3AB9D140266F3548009AE5E1 /* photoWallExample */ = {
			isa = PBXNativeTarget;
			buildConfigurationList = 3AB9D15A266F3549009AE5E1 /* Build configuration list for PBXNativeTarget "photoWallExample" */;
			buildPhases = (
				3AB9D13D266F3548009AE5E1 /* Sources */,
				3AB9D13E266F3548009AE5E1 /* Frameworks */,
				3AB9D13F266F3548009AE5E1 /* Resources */,
			);
			buildRules = (
			);
			dependencies = (
			);
			name = photoWallExample;
			productName = photoWallExample;
			productReference = 3AB9D141266F3548009AE5E1 /* photoWallExample.app */;
			productType = "com.apple.product-type.application";
		};
/* End PBXNativeTarget section */

/* Begin PBXProject section */
		3AB9D139266F3548009AE5E1 /* Project object */ = {
			isa = PBXProject;
			attributes = {
				LastUpgradeCheck = 1250;
				TargetAttributes = {
					3AB9D140266F3548009AE5E1 = {
						CreatedOnToolsVersion = 12.5;
					};
				};
			};
			buildConfigurationList = 3AB9D13C266F3548009AE5E1 /* Build configuration list for PBXProject "photoWallExample" */;
			compatibilityVersion = "Xcode 9.3";
			developmentRegion = en;
			hasScannedForEncodings = 0;
			knownRegions = (
				en,
				Base,
			);
			mainGroup = 3AB9D138266F3548009AE5E1;
			productRefGroup = 3AB9D142266F3548009AE5E1 /* Products */;
			projectDirPath = "";
			projectRoot = "";
			targets = (
				3AB9D140266F3548009AE5E1 /* photoWallExample */,
			);
		};
/* End PBXProject section */

/* Begin PBXResourcesBuildPhase section */
		3AB9D13F266F3548009AE5E1 /* Resources */ = {
			isa = PBXResourcesBuildPhase;
			buildActionMask = 2147483647;
			files = (
				3A834E81266F3ACA00787B9E /* 17_10.jpg in Resources */,
				3AB9D154266F3549009AE5E1 /* LaunchScreen.storyboard in Resources */,
				3AB9D151266F3549009AE5E1 /* Assets.xcassets in Resources */,
				3A834E79266F3A7F00787B9E /* 17_8.jpg in Resources */,
				3A834E78266F3A7F00787B9E /* 17_7.jpg in Resources */,
				3A834E74266F3A7F00787B9E /* 17_3.jpg in Resources */,
				3A834E77266F3A7F00787B9E /* 17_5.jpg in Resources */,
				3A834E80266F3ACA00787B9E /* 17_12.jpg in Resources */,
				3A834E73266F3A7F00787B9E /* 17_4.jpg in Resources */,
				3AB9D14F266F3548009AE5E1 /* Main.storyboard in Resources */,
				3A834E7B266F3A7F00787B9E /* 17_6.jpg in Resources */,
				3A834E75266F3A7F00787B9E /* 17_1.jpg in Resources */,
				3A834E7F266F3ACA00787B9E /* 17_11.jpg in Resources */,
				3A834E7A266F3A7F00787B9E /* 17_9.jpg in Resources */,
				3A834E76266F3A7F00787B9E /* 17_2.jpg in Resources */,
			);
			runOnlyForDeploymentPostprocessing = 0;
		};
/* End PBXResourcesBuildPhase section */

/* Begin PBXSourcesBuildPhase section */
		3AB9D13D266F3548009AE5E1 /* Sources */ = {
			isa = PBXSourcesBuildPhase;
			buildActionMask = 2147483647;
			files = (
				3AB9D15F266F35C1009AE5E1 /* VCRoot.m in Sources */,
				3AB9D14C266F3548009AE5E1 /* ViewController.m in Sources */,
				3AB9D146266F3548009AE5E1 /* AppDelegate.m in Sources */,
				3AB9D162266F370A009AE5E1 /* VCImageShow.m in Sources */,
				3AB9D157266F3549009AE5E1 /* main.m in Sources */,
				3AB9D149266F3548009AE5E1 /* SceneDelegate.m in Sources */,
			);
			runOnlyForDeploymentPostprocessing = 0;
		};
/* End PBXSourcesBuildPhase section */

/* Begin PBXVariantGroup section */
		3AB9D14D266F3548009AE5E1 /* Main.storyboard */ = {
			isa = PBXVariantGroup;
			children = (
				3AB9D14E266F3548009AE5E1 /* Base */,
			);
			name = Main.storyboard;
			sourceTree = "<group>";
		};
		3AB9D152266F3549009AE5E1 /* LaunchScreen.storyboard */ = {
			isa = PBXVariantGroup;
			children = (
				3AB9D153266F3549009AE5E1 /* Base */,
			);
			name = LaunchScreen.storyboard;
			sourceTree = "<group>";
		};
/* End PBXVariantGroup section */

/* Begin XCBuildConfiguration section */
		3AB9D158266F3549009AE5E1 /* Debug */ = {
			isa = XCBuildConfiguration;
			buildSettings = {
				ALWAYS_SEARCH_USER_PATHS = NO;
				CLANG_ANALYZER_NONNULL = YES;
				CLANG_ANALYZER_NUMBER_OBJECT_CONVERSION = YES_AGGRESSIVE;
				CLANG_CXX_LANGUAGE_STANDARD = "gnu++14";
				CLANG_CXX_LIBRARY = "libc++";
				CLANG_ENABLE_MODULES = YES;
				CLANG_ENABLE_OBJC_ARC = YES;
				CLANG_ENABLE_OBJC_WEAK = YES;
				CLANG_WARN_BLOCK_CAPTURE_AUTORELEASING = YES;
				CLANG_WARN_BOOL_CONVERSION = YES;
				CLANG_WARN_COMMA = YES;
				CLANG_WARN_CONSTANT_CONVERSION = YES;
				CLANG_WARN_DEPRECATED_OBJC_IMPLEMENTATIONS = YES;
				CLANG_WARN_DIRECT_OBJC_ISA_USAGE = YES_ERROR;
				CLANG_WARN_DOCUMENTATION_COMMENTS = YES;
				CLANG_WARN_EMPTY_BODY = YES;
				CLANG_WARN_ENUM_CONVERSION = YES;
				CLANG_WARN_INFINITE_RECURSION = YES;
				CLANG_WARN_INT_CONVERSION = YES;
				CLANG_WARN_NON_LITERAL_NULL_CONVERSION = YES;
				CLANG_WARN_OBJC_IMPLICIT_RETAIN_SELF = YES;
				CLANG_WARN_OBJC_LITERAL_CONVERSION = YES;
				CLANG_WARN_OBJC_ROOT_CLASS = YES_ERROR;
				CLANG_WARN_QUOTED_INCLUDE_IN_FRAMEWORK_HEADER = YES;
				CLANG_WARN_RANGE_LOOP_ANALYSIS = YES;
				CLANG_WARN_STRICT_PROTOTYPES = YES;
				CLANG_WARN_SUSPICIOUS_MOVE = YES;
				CLANG_WARN_UNGUARDED_AVAILABILITY = YES_AGGRESSIVE;
				CLANG_WARN_UNREACHABLE_CODE = YES;
				CLANG_WARN__DUPLICATE_METHOD_MATCH = YES;
				COPY_PHASE_STRIP = NO;
				DEBUG_INFORMATION_FORMAT = dwarf;
				ENABLE_STRICT_OBJC_MSGSEND = YES;
				ENABLE_TESTABILITY = YES;
				GCC_C_LANGUAGE_STANDARD = gnu11;
				GCC_DYNAMIC_NO_PIC = NO;
				GCC_NO_COMMON_BLOCKS = YES;
				GCC_OPTIMIZATION_LEVEL = 0;
				GCC_PREPROCESSOR_DEFINITIONS = (
					"DEBUG=1",
					"$(inherited)",
				);
				GCC_WARN_64_TO_32_BIT_CONVERSION = YES;
				GCC_WARN_ABOUT_RETURN_TYPE = YES_ERROR;
				GCC_WARN_UNDECLARED_SELECTOR = YES;
				GCC_WARN_UNINITIALIZED_AUTOS = YES_AGGRESSIVE;
				GCC_WARN_UNUSED_FUNCTION = YES;
				GCC_WARN_UNUSED_VARIABLE = YES;
				IPHONEOS_DEPLOYMENT_TARGET = 14.5;
				MTL_ENABLE_DEBUG_INFO = INCLUDE_SOURCE;
				MTL_FAST_MATH = YES;
				ONLY_ACTIVE_ARCH = YES;
				SDKROOT = iphoneos;
			};
			name = Debug;
		};
		3AB9D159266F3549009AE5E1 /* Release */ = {
			isa = XCBuildConfiguration;
			buildSettings = {
				ALWAYS_SEARCH_USER_PATHS = NO;
				CLANG_ANALYZER_NONNULL = YES;
				CLANG_ANALYZER_NUMBER_OBJECT_CONVERSION = YES_AGGRESSIVE;
				CLANG_CXX_LANGUAGE_STANDARD = "gnu++14";
				CLANG_CXX_LIBRARY = "libc++";
				CLANG_ENABLE_MODULES = YES;
				CLANG_ENABLE_OBJC_ARC = YES;
				CLANG_ENABLE_OBJC_WEAK = YES;
				CLANG_WARN_BLOCK_CAPTURE_AUTORELEASING = YES;
				CLANG_WARN_BOOL_CONVERSION = YES;
				CLANG_WARN_COMMA = YES;
				CLANG_WARN_CONSTANT_CONVERSION = YES;
				CLANG_WARN_DEPRECATED_OBJC_IMPLEMENTATIONS = YES;
				CLANG_WARN_DIRECT_OBJC_ISA_USAGE = YES_ERROR;
				CLANG_WARN_DOCUMENTATION_COMMENTS = YES;
				CLANG_WARN_EMPTY_BODY = YES;
				CLANG_WARN_ENUM_CONVERSION = YES;
				CLANG_WARN_INFINITE_RECURSION = YES;
				CLANG_WARN_INT_CONVERSION = YES;
				CLANG_WARN_NON_LITERAL_NULL_CONVERSION = YES;
				CLANG_WARN_OBJC_IMPLICIT_RETAIN_SELF = YES;
				CLANG_WARN_OBJC_LITERAL_CONVERSION = YES;
				CLANG_WARN_OBJC_ROOT_CLASS = YES_ERROR;
				CLANG_WARN_QUOTED_INCLUDE_IN_FRAMEWORK_HEADER = YES;
				CLANG_WARN_RANGE_LOOP_ANALYSIS = YES;
				CLANG_WARN_STRICT_PROTOTYPES = YES;
				CLANG_WARN_SUSPICIOUS_MOVE = YES;
				CLANG_WARN_UNGUARDED_AVAILABILITY = YES_AGGRESSIVE;
				CLANG_WARN_UNREACHABLE_CODE = YES;
				CLANG_WARN__DUPLICATE_METHOD_MATCH = YES;
				COPY_PHASE_STRIP = NO;
				DEBUG_INFORMATION_FORMAT = "dwarf-with-dsym";
				ENABLE_NS_ASSERTIONS = NO;
				ENABLE_STRICT_OBJC_MSGSEND = YES;
				GCC_C_LANGUAGE_STANDARD = gnu11;
				GCC_NO_COMMON_BLOCKS = YES;
				GCC_WARN_64_TO_32_BIT_CONVERSION = YES;
				GCC_WARN_ABOUT_RETURN_TYPE = YES_ERROR;
				GCC_WARN_UNDECLARED_SELECTOR = YES;
				GCC_WARN_UNINITIALIZED_AUTOS = YES_AGGRESSIVE;
				GCC_WARN_UNUSED_FUNCTION = YES;
				GCC_WARN_UNUSED_VARIABLE = YES;
				IPHONEOS_DEPLOYMENT_TARGET = 14.5;
				MTL_ENABLE_DEBUG_INFO = NO;
				MTL_FAST_MATH = YES;
				SDKROOT = iphoneos;
				VALIDATE_PRODUCT = YES;
			};
			name = Release;
		};
		3AB9D15B266F3549009AE5E1 /* Debug */ = {
			isa = XCBuildConfiguration;
			buildSettings = {
				ASSETCATALOG_COMPILER_APPICON_NAME = AppIcon;
				ASSETCATALOG_COMPILER_GLOBAL_ACCENT_COLOR_NAME = AccentColor;
				CODE_SIGN_STYLE = Automatic;
				DEVELOPMENT_TEAM = SJFU9TNYYX;
				INFOPLIST_FILE = photoWallExample/Info.plist;
				LD_RUNPATH_SEARCH_PATHS = (
					"$(inherited)",
					"@executable_path/Frameworks",
				);
				PRODUCT_BUNDLE_IDENTIFIER = none.photoWallExample;
				PRODUCT_NAME = "$(TARGET_NAME)";
				TARGETED_DEVICE_FAMILY = "1,2";
			};
			name = Debug;
		};
		3AB9D15C266F3549009AE5E1 /* Release */ = {
			isa = XCBuildConfiguration;
			buildSettings = {
				ASSETCATALOG_COMPILER_APPICON_NAME = AppIcon;
				ASSETCATALOG_COMPILER_GLOBAL_ACCENT_COLOR_NAME = AccentColor;
				CODE_SIGN_STYLE = Automatic;
				DEVELOPMENT_TEAM = SJFU9TNYYX;
				INFOPLIST_FILE = photoWallExample/Info.plist;
				LD_RUNPATH_SEARCH_PATHS = (
					"$(inherited)",
					"@executable_path/Frameworks",
				);
				PRODUCT_BUNDLE_IDENTIFIER = none.photoWallExample;
				PRODUCT_NAME = "$(TARGET_NAME)";
				TARGETED_DEVICE_FAMILY = "1,2";
			};
			name = Release;
		};
/* End XCBuildConfiguration section */

/* Begin XCConfigurationList section */
		3AB9D13C266F3548009AE5E1 /* Build configuration list for PBXProject "photoWallExample" */ = {
			isa = XCConfigurationList;
			buildConfigurations = (
				3AB9D158266F3549009AE5E1 /* Debug */,
				3AB9D159266F3549009AE5E1 /* Release */,
			);
			defaultConfigurationIsVisible = 0;
			defaultConfigurationName = Release;
		};
		3AB9D15A266F3549009AE5E1 /* Build configuration list for PBXNativeTarget "photoWallExample" */ = {
			isa = XCConfigurationList;
			buildConfigurations = (
				3AB9D15B266F3549009AE5E1 /* Debug */,
				3AB9D15C266F3549009AE5E1 /* Release */,
			);
			defaultConfigurationIsVisible = 0;
			defaultConfigurationName = Release;
		};
/* End XCConfigurationList section */
	};
	rootObject = 3AB9D139266F3548009AE5E1 /* Project object */;
}
