// !$*UTF8*$!
{
	archiveVersion = 1;
	classes = {
	};
	objectVersion = 50;
	objects = {

/* Begin PBXBuildFile section */
		3AB9D0FD266E79C7009AE5E1 /* AppDelegate.m in Sources */ = {isa = PBXBuildFile; fileRef = 3AB9D0FC266E79C7009AE5E1 /* AppDelegate.m */; };
		3AB9D100266E79C7009AE5E1 /* SceneDelegate.m in Sources */ = {isa = PBXBuildFile; fileRef = 3AB9D0FF266E79C7009AE5E1 /* SceneDelegate.m */; };
		3AB9D103266E79C7009AE5E1 /* ViewController.m in Sources */ = {isa = PBXBuildFile; fileRef = 3AB9D102266E79C7009AE5E1 /* ViewController.m */; };
		3AB9D106266E79C7009AE5E1 /* Main.storyboard in Resources */ = {isa = PBXBuildFile; fileRef = 3AB9D104266E79C7009AE5E1 /* Main.storyboard */; };
		3AB9D108266E79C8009AE5E1 /* Assets.xcassets in Resources */ = {isa = PBXBuildFile; fileRef = 3AB9D107266E79C8009AE5E1 /* Assets.xcassets */; };
		3AB9D10B266E79C8009AE5E1 /* LaunchScreen.storyboard in Resources */ = {isa = PBXBuildFile; fileRef = 3AB9D109266E79C8009AE5E1 /* LaunchScreen.storyboard */; };
		3AB9D10E266E79C8009AE5E1 /* main.m in Sources */ = {isa = PBXBuildFile; fileRef = 3AB9D10D266E79C8009AE5E1 /* main.m */; };
		3AB9D128266E7B76009AE5E1 /* VCFirst.m in Sources */ = {isa = PBXBuildFile; fileRef = 3AB9D127266E7B76009AE5E1 /* VCFirst.m */; };
		3AB9D12B266E7B89009AE5E1 /* VCSecond.m in Sources */ = {isa = PBXBuildFile; fileRef = 3AB9D12A266E7B89009AE5E1 /* VCSecond.m */; };
		3AB9D12E266E7B94009AE5E1 /* VCThird.m in Sources */ = {isa = PBXBuildFile; fileRef = 3AB9D12D266E7B94009AE5E1 /* VCThird.m */; };
		3AB9D131266E7BB8009AE5E1 /* VCFourth.m in Sources */ = {isa = PBXBuildFile; fileRef = 3AB9D130266E7BB8009AE5E1 /* VCFourth.m */; };
		3AB9D134266E7BC5009AE5E1 /* VCFifth.m in Sources */ = {isa = PBXBuildFile; fileRef = 3AB9D133266E7BC5009AE5E1 /* VCFifth.m */; };
		3AB9D137266E7BD1009AE5E1 /* VCSixth.m in Sources */ = {isa = PBXBuildFile; fileRef = 3AB9D136266E7BD1009AE5E1 /* VCSixth.m */; };
/* End PBXBuildFile section */

/* Begin PBXFileReference section */
		3AB9D0F8266E79C7009AE5E1 /* UITabBarController02.app */ = {isa = PBXFileReference; explicitFileType = wrapper.application; includeInIndex = 0; path = UITabBarController02.app; sourceTree = BUILT_PRODUCTS_DIR; };
		3AB9D0FB266E79C7009AE5E1 /* AppDelegate.h */ = {isa = PBXFileReference; lastKnownFileType = sourcecode.c.h; path = AppDelegate.h; sourceTree = "<group>"; };
		3AB9D0FC266E79C7009AE5E1 /* AppDelegate.m */ = {isa = PBXFileReference; lastKnownFileType = sourcecode.c.objc; path = AppDelegate.m; sourceTree = "<group>"; };
		3AB9D0FE266E79C7009AE5E1 /* SceneDelegate.h */ = {isa = PBXFileReference; lastKnownFileType = sourcecode.c.h; path = SceneDelegate.h; sourceTree = "<group>"; };
		3AB9D0FF266E79C7009AE5E1 /* SceneDelegate.m */ = {isa = PBXFileReference; lastKnownFileType = sourcecode.c.objc; path = SceneDelegate.m; sourceTree = "<group>"; };
		3AB9D101266E79C7009AE5E1 /* ViewController.h */ = {isa = PBXFileReference; lastKnownFileType = sourcecode.c.h; path = ViewController.h; sourceTree = "<group>"; };
		3AB9D102266E79C7009AE5E1 /* ViewController.m */ = {isa = PBXFileReference; lastKnownFileType = sourcecode.c.objc; path = ViewController.m; sourceTree = "<group>"; };
		3AB9D105266E79C7009AE5E1 /* Base */ = {isa = PBXFileReference; lastKnownFileType = file.storyboard; name = Base; path = Base.lproj/Main.storyboard; sourceTree = "<group>"; };
		3AB9D107266E79C8009AE5E1 /* Assets.xcassets */ = {isa = PBXFileReference; lastKnownFileType = folder.assetcatalog; path = Assets.xcassets; sourceTree = "<group>"; };
		3AB9D10A266E79C8009AE5E1 /* Base */ = {isa = PBXFileReference; lastKnownFileType = file.storyboard; name = Base; path = Base.lproj/LaunchScreen.storyboard; sourceTree = "<group>"; };
		3AB9D10C266E79C8009AE5E1 /* Info.plist */ = {isa = PBXFileReference; lastKnownFileType = text.plist.xml; path = Info.plist; sourceTree = "<group>"; };
		3AB9D10D266E79C8009AE5E1 /* main.m */ = {isa = PBXFileReference; lastKnownFileType = sourcecode.c.objc; path = main.m; sourceTree = "<group>"; };
		3AB9D126266E7B75009AE5E1 /* VCFirst.h */ = {isa = PBXFileReference; lastKnownFileType = sourcecode.c.h; path = VCFirst.h; sourceTree = "<group>"; };
		3AB9D127266E7B76009AE5E1 /* VCFirst.m */ = {isa = PBXFileReference; lastKnownFileType = sourcecode.c.objc; path = VCFirst.m; sourceTree = "<group>"; };
		3AB9D129266E7B89009AE5E1 /* VCSecond.h */ = {isa = PBXFileReference; lastKnownFileType = sourcecode.c.h; path = VCSecond.h; sourceTree = "<group>"; };
		3AB9D12A266E7B89009AE5E1 /* VCSecond.m */ = {isa = PBXFileReference; lastKnownFileType = sourcecode.c.objc; path = VCSecond.m; sourceTree = "<group>"; };
		3AB9D12C266E7B94009AE5E1 /* VCThird.h */ = {isa = PBXFileReference; lastKnownFileType = sourcecode.c.h; path = VCThird.h; sourceTree = "<group>"; };
		3AB9D12D266E7B94009AE5E1 /* VCThird.m */ = {isa = PBXFileReference; lastKnownFileType = sourcecode.c.objc; path = VCThird.m; sourceTree = "<group>"; };
		3AB9D12F266E7BB8009AE5E1 /* VCFourth.h */ = {isa = PBXFileReference; lastKnownFileType = sourcecode.c.h; path = VCFourth.h; sourceTree = "<group>"; };
		3AB9D130266E7BB8009AE5E1 /* VCFourth.m */ = {isa = PBXFileReference; lastKnownFileType = sourcecode.c.objc; path = VCFourth.m; sourceTree = "<group>"; };
		3AB9D132266E7BC5009AE5E1 /* VCFifth.h */ = {isa = PBXFileReference; lastKnownFileType = sourcecode.c.h; path = VCFifth.h; sourceTree = "<group>"; };
		3AB9D133266E7BC5009AE5E1 /* VCFifth.m */ = {isa = PBXFileReference; lastKnownFileType = sourcecode.c.objc; path = VCFifth.m; sourceTree = "<group>"; };
		3AB9D135266E7BD1009AE5E1 /* VCSixth.h */ = {isa = PBXFileReference; lastKnownFileType = sourcecode.c.h; path = VCSixth.h; sourceTree = "<group>"; };
		3AB9D136266E7BD1009AE5E1 /* VCSixth.m */ = {isa = PBXFileReference; lastKnownFileType = sourcecode.c.objc; path = VCSixth.m; sourceTree = "<group>"; };
/* End PBXFileReference section */

/* Begin PBXFrameworksBuildPhase section */
		3AB9D0F5266E79C7009AE5E1 /* Frameworks */ = {
			isa = PBXFrameworksBuildPhase;
			buildActionMask = 2147483647;
			files = (
			);
			runOnlyForDeploymentPostprocessing = 0;
		};
/* End PBXFrameworksBuildPhase section */

/* Begin PBXGroup section */
		3AB9D0EF266E79C7009AE5E1 = {
			isa = PBXGroup;
			children = (
				3AB9D0FA266E79C7009AE5E1 /* UITabBarController02 */,
				3AB9D0F9266E79C7009AE5E1 /* Products */,
			);
			sourceTree = "<group>";
		};
		3AB9D0F9266E79C7009AE5E1 /* Products */ = {
			isa = PBXGroup;
			children = (
				3AB9D0F8266E79C7009AE5E1 /* UITabBarController02.app */,
			);
			name = Products;
			sourceTree = "<group>";
		};
		3AB9D0FA266E79C7009AE5E1 /* UITabBarController02 */ = {
			isa = PBXGroup;
			children = (
				3AB9D0FB266E79C7009AE5E1 /* AppDelegate.h */,
				3AB9D0FC266E79C7009AE5E1 /* AppDelegate.m */,
				3AB9D0FE266E79C7009AE5E1 /* SceneDelegate.h */,
				3AB9D0FF266E79C7009AE5E1 /* SceneDelegate.m */,
				3AB9D126266E7B75009AE5E1 /* VCFirst.h */,
				3AB9D127266E7B76009AE5E1 /* VCFirst.m */,
				3AB9D129266E7B89009AE5E1 /* VCSecond.h */,
				3AB9D12A266E7B89009AE5E1 /* VCSecond.m */,
				3AB9D12C266E7B94009AE5E1 /* VCThird.h */,
				3AB9D12D266E7B94009AE5E1 /* VCThird.m */,
				3AB9D12F266E7BB8009AE5E1 /* VCFourth.h */,
				3AB9D130266E7BB8009AE5E1 /* VCFourth.m */,
				3AB9D132266E7BC5009AE5E1 /* VCFifth.h */,
				3AB9D133266E7BC5009AE5E1 /* VCFifth.m */,
				3AB9D135266E7BD1009AE5E1 /* VCSixth.h */,
				3AB9D136266E7BD1009AE5E1 /* VCSixth.m */,
				3AB9D101266E79C7009AE5E1 /* ViewController.h */,
				3AB9D102266E79C7009AE5E1 /* ViewController.m */,
				3AB9D104266E79C7009AE5E1 /* Main.storyboard */,
				3AB9D107266E79C8009AE5E1 /* Assets.xcassets */,
				3AB9D109266E79C8009AE5E1 /* LaunchScreen.storyboard */,
				3AB9D10C266E79C8009AE5E1 /* Info.plist */,
				3AB9D10D266E79C8009AE5E1 /* main.m */,
			);
			path = UITabBarController02;
			sourceTree = "<group>";
		};
/* End PBXGroup section */

/* Begin PBXNativeTarget section */
		3AB9D0F7266E79C7009AE5E1 /* UITabBarController02 */ = {
			isa = PBXNativeTarget;
			buildConfigurationList = 3AB9D111266E79C8009AE5E1 /* Build configuration list for PBXNativeTarget "UITabBarController02" */;
			buildPhases = (
				3AB9D0F4266E79C7009AE5E1 /* Sources */,
				3AB9D0F5266E79C7009AE5E1 /* Frameworks */,
				3AB9D0F6266E79C7009AE5E1 /* Resources */,
			);
			buildRules = (
			);
			dependencies = (
			);
			name = UITabBarController02;
			productName = UITabBarController02;
			productReference = 3AB9D0F8266E79C7009AE5E1 /* UITabBarController02.app */;
			productType = "com.apple.product-type.application";
		};
/* End PBXNativeTarget section */

/* Begin PBXProject section */
		3AB9D0F0266E79C7009AE5E1 /* Project object */ = {
			isa = PBXProject;
			attributes = {
				LastUpgradeCheck = 1250;
				TargetAttributes = {
					3AB9D0F7266E79C7009AE5E1 = {
						CreatedOnToolsVersion = 12.5;
					};
				};
			};
			buildConfigurationList = 3AB9D0F3266E79C7009AE5E1 /* Build configuration list for PBXProject "UITabBarController02" */;
			compatibilityVersion = "Xcode 9.3";
			developmentRegion = en;
			hasScannedForEncodings = 0;
			knownRegions = (
				en,
				Base,
			);
			mainGroup = 3AB9D0EF266E79C7009AE5E1;
			productRefGroup = 3AB9D0F9266E79C7009AE5E1 /* Products */;
			projectDirPath = "";
			projectRoot = "";
			targets = (
				3AB9D0F7266E79C7009AE5E1 /* UITabBarController02 */,
			);
		};
/* End PBXProject section */

/* Begin PBXResourcesBuildPhase section */
		3AB9D0F6266E79C7009AE5E1 /* Resources */ = {
			isa = PBXResourcesBuildPhase;
			buildActionMask = 2147483647;
			files = (
				3AB9D10B266E79C8009AE5E1 /* LaunchScreen.storyboard in Resources */,
				3AB9D108266E79C8009AE5E1 /* Assets.xcassets in Resources */,
				3AB9D106266E79C7009AE5E1 /* Main.storyboard in Resources */,
			);
			runOnlyForDeploymentPostprocessing = 0;
		};
/* End PBXResourcesBuildPhase section */

/* Begin PBXSourcesBuildPhase section */
		3AB9D0F4266E79C7009AE5E1 /* Sources */ = {
			isa = PBXSourcesBuildPhase;
			buildActionMask = 2147483647;
			files = (
				3AB9D134266E7BC5009AE5E1 /* VCFifth.m in Sources */,
				3AB9D137266E7BD1009AE5E1 /* VCSixth.m in Sources */,
				3AB9D103266E79C7009AE5E1 /* ViewController.m in Sources */,
				3AB9D0FD266E79C7009AE5E1 /* AppDelegate.m in Sources */,
				3AB9D12B266E7B89009AE5E1 /* VCSecond.m in Sources */,
				3AB9D12E266E7B94009AE5E1 /* VCThird.m in Sources */,
				3AB9D10E266E79C8009AE5E1 /* main.m in Sources */,
				3AB9D128266E7B76009AE5E1 /* VCFirst.m in Sources */,
				3AB9D131266E7BB8009AE5E1 /* VCFourth.m in Sources */,
				3AB9D100266E79C7009AE5E1 /* SceneDelegate.m in Sources */,
			);
			runOnlyForDeploymentPostprocessing = 0;
		};
/* End PBXSourcesBuildPhase section */

/* Begin PBXVariantGroup section */
		3AB9D104266E79C7009AE5E1 /* Main.storyboard */ = {
			isa = PBXVariantGroup;
			children = (
				3AB9D105266E79C7009AE5E1 /* Base */,
			);
			name = Main.storyboard;
			sourceTree = "<group>";
		};
		3AB9D109266E79C8009AE5E1 /* LaunchScreen.storyboard */ = {
			isa = PBXVariantGroup;
			children = (
				3AB9D10A266E79C8009AE5E1 /* Base */,
			);
			name = LaunchScreen.storyboard;
			sourceTree = "<group>";
		};
/* End PBXVariantGroup section */

/* Begin XCBuildConfiguration section */
		3AB9D10F266E79C8009AE5E1 /* Debug */ = {
			isa = XCBuildConfiguration;
			buildSettings = {
				ALWAYS_SEARCH_USER_PATHS = NO;
				CLANG_ANALYZER_NONNULL = YES;
				CLANG_ANALYZER_NUMBER_OBJECT_CONVERSION = YES_AGGRESSIVE;
				CLANG_CXX_LANGUAGE_STANDARD = "gnu++14";
				CLANG_CXX_LIBRARY = "libc++";
				CLANG_ENABLE_MODULES = YES;
				CLANG_ENABLE_OBJC_ARC = YES;
				CLANG_ENABLE_OBJC_WEAK = YES;
				CLANG_WARN_BLOCK_CAPTURE_AUTORELEASING = YES;
				CLANG_WARN_BOOL_CONVERSION = YES;
				CLANG_WARN_COMMA = YES;
				CLANG_WARN_CONSTANT_CONVERSION = YES;
				CLANG_WARN_DEPRECATED_OBJC_IMPLEMENTATIONS = YES;
				CLANG_WARN_DIRECT_OBJC_ISA_USAGE = YES_ERROR;
				CLANG_WARN_DOCUMENTATION_COMMENTS = YES;
				CLANG_WARN_EMPTY_BODY = YES;
				CLANG_WARN_ENUM_CONVERSION = YES;
				CLANG_WARN_INFINITE_RECURSION = YES;
				CLANG_WARN_INT_CONVERSION = YES;
				CLANG_WARN_NON_LITERAL_NULL_CONVERSION = YES;
				CLANG_WARN_OBJC_IMPLICIT_RETAIN_SELF = YES;
				CLANG_WARN_OBJC_LITERAL_CONVERSION = YES;
				CLANG_WARN_OBJC_ROOT_CLASS = YES_ERROR;
				CLANG_WARN_QUOTED_INCLUDE_IN_FRAMEWORK_HEADER = YES;
				CLANG_WARN_RANGE_LOOP_ANALYSIS = YES;
				CLANG_WARN_STRICT_PROTOTYPES = YES;
				CLANG_WARN_SUSPICIOUS_MOVE = YES;
				CLANG_WARN_UNGUARDED_AVAILABILITY = YES_AGGRESSIVE;
				CLANG_WARN_UNREACHABLE_CODE = YES;
				CLANG_WARN__DUPLICATE_METHOD_MATCH = YES;
				COPY_PHASE_STRIP = NO;
				DEBUG_INFORMATION_FORMAT = dwarf;
				ENABLE_STRICT_OBJC_MSGSEND = YES;
				ENABLE_TESTABILITY = YES;
				GCC_C_LANGUAGE_STANDARD = gnu11;
				GCC_DYNAMIC_NO_PIC = NO;
				GCC_NO_COMMON_BLOCKS = YES;
				GCC_OPTIMIZATION_LEVEL = 0;
				GCC_PREPROCESSOR_DEFINITIONS = (
					"DEBUG=1",
					"$(inherited)",
				);
				GCC_WARN_64_TO_32_BIT_CONVERSION = YES;
				GCC_WARN_ABOUT_RETURN_TYPE = YES_ERROR;
				GCC_WARN_UNDECLARED_SELECTOR = YES;
				GCC_WARN_UNINITIALIZED_AUTOS = YES_AGGRESSIVE;
				GCC_WARN_UNUSED_FUNCTION = YES;
				GCC_WARN_UNUSED_VARIABLE = YES;
				IPHONEOS_DEPLOYMENT_TARGET = 14.5;
				MTL_ENABLE_DEBUG_INFO = INCLUDE_SOURCE;
				MTL_FAST_MATH = YES;
				ONLY_ACTIVE_ARCH = YES;
				SDKROOT = iphoneos;
			};
			name = Debug;
		};
		3AB9D110266E79C8009AE5E1 /* Release */ = {
			isa = XCBuildConfiguration;
			buildSettings = {
				ALWAYS_SEARCH_USER_PATHS = NO;
				CLANG_ANALYZER_NONNULL = YES;
				CLANG_ANALYZER_NUMBER_OBJECT_CONVERSION = YES_AGGRESSIVE;
				CLANG_CXX_LANGUAGE_STANDARD = "gnu++14";
				CLANG_CXX_LIBRARY = "libc++";
				CLANG_ENABLE_MODULES = YES;
				CLANG_ENABLE_OBJC_ARC = YES;
				CLANG_ENABLE_OBJC_WEAK = YES;
				CLANG_WARN_BLOCK_CAPTURE_AUTORELEASING = YES;
				CLANG_WARN_BOOL_CONVERSION = YES;
				CLANG_WARN_COMMA = YES;
				CLANG_WARN_CONSTANT_CONVERSION = YES;
				CLANG_WARN_DEPRECATED_OBJC_IMPLEMENTATIONS = YES;
				CLANG_WARN_DIRECT_OBJC_ISA_USAGE = YES_ERROR;
				CLANG_WARN_DOCUMENTATION_COMMENTS = YES;
				CLANG_WARN_EMPTY_BODY = YES;
				CLANG_WARN_ENUM_CONVERSION = YES;
				CLANG_WARN_INFINITE_RECURSION = YES;
				CLANG_WARN_INT_CONVERSION = YES;
				CLANG_WARN_NON_LITERAL_NULL_CONVERSION = YES;
				CLANG_WARN_OBJC_IMPLICIT_RETAIN_SELF = YES;
				CLANG_WARN_OBJC_LITERAL_CONVERSION = YES;
				CLANG_WARN_OBJC_ROOT_CLASS = YES_ERROR;
				CLANG_WARN_QUOTED_INCLUDE_IN_FRAMEWORK_HEADER = YES;
				CLANG_WARN_RANGE_LOOP_ANALYSIS = YES;
				CLANG_WARN_STRICT_PROTOTYPES = YES;
				CLANG_WARN_SUSPICIOUS_MOVE = YES;
				CLANG_WARN_UNGUARDED_AVAILABILITY = YES_AGGRESSIVE;
				CLANG_WARN_UNREACHABLE_CODE = YES;
				CLANG_WARN__DUPLICATE_METHOD_MATCH = YES;
				COPY_PHASE_STRIP = NO;
				DEBUG_INFORMATION_FORMAT = "dwarf-with-dsym";
				ENABLE_NS_ASSERTIONS = NO;
				ENABLE_STRICT_OBJC_MSGSEND = YES;
				GCC_C_LANGUAGE_STANDARD = gnu11;
				GCC_NO_COMMON_BLOCKS = YES;
				GCC_WARN_64_TO_32_BIT_CONVERSION = YES;
				GCC_WARN_ABOUT_RETURN_TYPE = YES_ERROR;
				GCC_WARN_UNDECLARED_SELECTOR = YES;
				GCC_WARN_UNINITIALIZED_AUTOS = YES_AGGRESSIVE;
				GCC_WARN_UNUSED_FUNCTION = YES;
				GCC_WARN_UNUSED_VARIABLE = YES;
				IPHONEOS_DEPLOYMENT_TARGET = 14.5;
				MTL_ENABLE_DEBUG_INFO = NO;
				MTL_FAST_MATH = YES;
				SDKROOT = iphoneos;
				VALIDATE_PRODUCT = YES;
			};
			name = Release;
		};
		3AB9D112266E79C8009AE5E1 /* Debug */ = {
			isa = XCBuildConfiguration;
			buildSettings = {
				ASSETCATALOG_COMPILER_APPICON_NAME = AppIcon;
				ASSETCATALOG_COMPILER_GLOBAL_ACCENT_COLOR_NAME = AccentColor;
				CODE_SIGN_STYLE = Automatic;
				DEVELOPMENT_TEAM = SJFU9TNYYX;
				INFOPLIST_FILE = UITabBarController02/Info.plist;
				LD_RUNPATH_SEARCH_PATHS = (
					"$(inherited)",
					"@executable_path/Frameworks",
				);
				PRODUCT_BUNDLE_IDENTIFIER = none.UITabBarController02;
				PRODUCT_NAME = "$(TARGET_NAME)";
				TARGETED_DEVICE_FAMILY = "1,2";
			};
			name = Debug;
		};
		3AB9D113266E79C8009AE5E1 /* Release */ = {
			isa = XCBuildConfiguration;
			buildSettings = {
				ASSETCATALOG_COMPILER_APPICON_NAME = AppIcon;
				ASSETCATALOG_COMPILER_GLOBAL_ACCENT_COLOR_NAME = AccentColor;
				CODE_SIGN_STYLE = Automatic;
				DEVELOPMENT_TEAM = SJFU9TNYYX;
				INFOPLIST_FILE = UITabBarController02/Info.plist;
				LD_RUNPATH_SEARCH_PATHS = (
					"$(inherited)",
					"@executable_path/Frameworks",
				);
				PRODUCT_BUNDLE_IDENTIFIER = none.UITabBarController02;
				PRODUCT_NAME = "$(TARGET_NAME)";
				TARGETED_DEVICE_FAMILY = "1,2";
			};
			name = Release;
		};
/* End XCBuildConfiguration section */

/* Begin XCConfigurationList section */
		3AB9D0F3266E79C7009AE5E1 /* Build configuration list for PBXProject "UITabBarController02" */ = {
			isa = XCConfigurationList;
			buildConfigurations = (
				3AB9D10F266E79C8009AE5E1 /* Debug */,
				3AB9D110266E79C8009AE5E1 /* Release */,
			);
			defaultConfigurationIsVisible = 0;
			defaultConfigurationName = Release;
		};
		3AB9D111266E79C8009AE5E1 /* Build configuration list for PBXNativeTarget "UITabBarController02" */ = {
			isa = XCConfigurationList;
			buildConfigurations = (
				3AB9D112266E79C8009AE5E1 /* Debug */,
				3AB9D113266E79C8009AE5E1 /* Release */,
			);
			defaultConfigurationIsVisible = 0;
			defaultConfigurationName = Release;
		};
/* End XCConfigurationList section */
	};
	rootObject = 3AB9D0F0266E79C7009AE5E1 /* Project object */;
}
