// !$*UTF8*$!
{
	archiveVersion = 1;
	classes = {
	};
	objectVersion = 50;
	objects = {

/* Begin PBXBuildFile section */
		3AC1DB4E26708A1400EDFF07 /* AppDelegate.m in Sources */ = {isa = PBXBuildFile; fileRef = 3AC1DB4D26708A1400EDFF07 /* AppDelegate.m */; };
		3AC1DB5126708A1400EDFF07 /* SceneDelegate.m in Sources */ = {isa = PBXBuildFile; fileRef = 3AC1DB5026708A1400EDFF07 /* SceneDelegate.m */; };
		3AC1DB5426708A1400EDFF07 /* ViewController.m in Sources */ = {isa = PBXBuildFile; fileRef = 3AC1DB5326708A1400EDFF07 /* ViewController.m */; };
		3AC1DB5726708A1400EDFF07 /* Main.storyboard in Resources */ = {isa = PBXBuildFile; fileRef = 3AC1DB5526708A1400EDFF07 /* Main.storyboard */; };
		3AC1DB5926708A1500EDFF07 /* Assets.xcassets in Resources */ = {isa = PBXBuildFile; fileRef = 3AC1DB5826708A1500EDFF07 /* Assets.xcassets */; };
		3AC1DB5C26708A1500EDFF07 /* LaunchScreen.storyboard in Resources */ = {isa = PBXBuildFile; fileRef = 3AC1DB5A26708A1500EDFF07 /* LaunchScreen.storyboard */; };
		3AC1DB5F26708A1500EDFF07 /* main.m in Sources */ = {isa = PBXBuildFile; fileRef = 3AC1DB5E26708A1500EDFF07 /* main.m */; };
		3AC1DB6726708A2700EDFF07 /* VCFirst.m in Sources */ = {isa = PBXBuildFile; fileRef = 3AC1DB6626708A2700EDFF07 /* VCFirst.m */; };
		3AC1DB6A26708A3100EDFF07 /* VCSecond.m in Sources */ = {isa = PBXBuildFile; fileRef = 3AC1DB6926708A3100EDFF07 /* VCSecond.m */; };
		3AC1DB6D26708A3B00EDFF07 /* VCThird.m in Sources */ = {isa = PBXBuildFile; fileRef = 3AC1DB6C26708A3B00EDFF07 /* VCThird.m */; };
/* End PBXBuildFile section */

/* Begin PBXFileReference section */
		3AC1DB4926708A1400EDFF07 /* 38.MultiInterfaces.app */ = {isa = PBXFileReference; explicitFileType = wrapper.application; includeInIndex = 0; path = 38.MultiInterfaces.app; sourceTree = BUILT_PRODUCTS_DIR; };
		3AC1DB4C26708A1400EDFF07 /* AppDelegate.h */ = {isa = PBXFileReference; lastKnownFileType = sourcecode.c.h; path = AppDelegate.h; sourceTree = "<group>"; };
		3AC1DB4D26708A1400EDFF07 /* AppDelegate.m */ = {isa = PBXFileReference; lastKnownFileType = sourcecode.c.objc; path = AppDelegate.m; sourceTree = "<group>"; };
		3AC1DB4F26708A1400EDFF07 /* SceneDelegate.h */ = {isa = PBXFileReference; lastKnownFileType = sourcecode.c.h; path = SceneDelegate.h; sourceTree = "<group>"; };
		3AC1DB5026708A1400EDFF07 /* SceneDelegate.m */ = {isa = PBXFileReference; lastKnownFileType = sourcecode.c.objc; path = SceneDelegate.m; sourceTree = "<group>"; };
		3AC1DB5226708A1400EDFF07 /* ViewController.h */ = {isa = PBXFileReference; lastKnownFileType = sourcecode.c.h; path = ViewController.h; sourceTree = "<group>"; };
		3AC1DB5326708A1400EDFF07 /* ViewController.m */ = {isa = PBXFileReference; lastKnownFileType = sourcecode.c.objc; path = ViewController.m; sourceTree = "<group>"; };
		3AC1DB5626708A1400EDFF07 /* Base */ = {isa = PBXFileReference; lastKnownFileType = file.storyboard; name = Base; path = Base.lproj/Main.storyboard; sourceTree = "<group>"; };
		3AC1DB5826708A1500EDFF07 /* Assets.xcassets */ = {isa = PBXFileReference; lastKnownFileType = folder.assetcatalog; path = Assets.xcassets; sourceTree = "<group>"; };
		3AC1DB5B26708A1500EDFF07 /* Base */ = {isa = PBXFileReference; lastKnownFileType = file.storyboard; name = Base; path = Base.lproj/LaunchScreen.storyboard; sourceTree = "<group>"; };
		3AC1DB5D26708A1500EDFF07 /* Info.plist */ = {isa = PBXFileReference; lastKnownFileType = text.plist.xml; path = Info.plist; sourceTree = "<group>"; };
		3AC1DB5E26708A1500EDFF07 /* main.m */ = {isa = PBXFileReference; lastKnownFileType = sourcecode.c.objc; path = main.m; sourceTree = "<group>"; };
		3AC1DB6526708A2700EDFF07 /* VCFirst.h */ = {isa = PBXFileReference; lastKnownFileType = sourcecode.c.h; path = VCFirst.h; sourceTree = "<group>"; };
		3AC1DB6626708A2700EDFF07 /* VCFirst.m */ = {isa = PBXFileReference; lastKnownFileType = sourcecode.c.objc; path = VCFirst.m; sourceTree = "<group>"; };
		3AC1DB6826708A3100EDFF07 /* VCSecond.h */ = {isa = PBXFileReference; lastKnownFileType = sourcecode.c.h; path = VCSecond.h; sourceTree = "<group>"; };
		3AC1DB6926708A3100EDFF07 /* VCSecond.m */ = {isa = PBXFileReference; lastKnownFileType = sourcecode.c.objc; path = VCSecond.m; sourceTree = "<group>"; };
		3AC1DB6B26708A3B00EDFF07 /* VCThird.h */ = {isa = PBXFileReference; lastKnownFileType = sourcecode.c.h; path = VCThird.h; sourceTree = "<group>"; };
		3AC1DB6C26708A3B00EDFF07 /* VCThird.m */ = {isa = PBXFileReference; lastKnownFileType = sourcecode.c.objc; path = VCThird.m; sourceTree = "<group>"; };
/* End PBXFileReference section */

/* Begin PBXFrameworksBuildPhase section */
		3AC1DB4626708A1400EDFF07 /* Frameworks */ = {
			isa = PBXFrameworksBuildPhase;
			buildActionMask = 2147483647;
			files = (
			);
			runOnlyForDeploymentPostprocessing = 0;
		};
/* End PBXFrameworksBuildPhase section */

/* Begin PBXGroup section */
		3AC1DB4026708A1400EDFF07 = {
			isa = PBXGroup;
			children = (
				3AC1DB4B26708A1400EDFF07 /* 38.MultiInterfaces */,
				3AC1DB4A26708A1400EDFF07 /* Products */,
			);
			sourceTree = "<group>";
		};
		3AC1DB4A26708A1400EDFF07 /* Products */ = {
			isa = PBXGroup;
			children = (
				3AC1DB4926708A1400EDFF07 /* 38.MultiInterfaces.app */,
			);
			name = Products;
			sourceTree = "<group>";
		};
		3AC1DB4B26708A1400EDFF07 /* 38.MultiInterfaces */ = {
			isa = PBXGroup;
			children = (
				3AC1DB4C26708A1400EDFF07 /* AppDelegate.h */,
				3AC1DB4D26708A1400EDFF07 /* AppDelegate.m */,
				3AC1DB4F26708A1400EDFF07 /* SceneDelegate.h */,
				3AC1DB5026708A1400EDFF07 /* SceneDelegate.m */,
				3AC1DB6526708A2700EDFF07 /* VCFirst.h */,
				3AC1DB6626708A2700EDFF07 /* VCFirst.m */,
				3AC1DB6826708A3100EDFF07 /* VCSecond.h */,
				3AC1DB6926708A3100EDFF07 /* VCSecond.m */,
				3AC1DB6B26708A3B00EDFF07 /* VCThird.h */,
				3AC1DB6C26708A3B00EDFF07 /* VCThird.m */,
				3AC1DB5226708A1400EDFF07 /* ViewController.h */,
				3AC1DB5326708A1400EDFF07 /* ViewController.m */,
				3AC1DB5526708A1400EDFF07 /* Main.storyboard */,
				3AC1DB5826708A1500EDFF07 /* Assets.xcassets */,
				3AC1DB5A26708A1500EDFF07 /* LaunchScreen.storyboard */,
				3AC1DB5D26708A1500EDFF07 /* Info.plist */,
				3AC1DB5E26708A1500EDFF07 /* main.m */,
			);
			path = 38.MultiInterfaces;
			sourceTree = "<group>";
		};
/* End PBXGroup section */

/* Begin PBXNativeTarget section */
		3AC1DB4826708A1400EDFF07 /* 38.MultiInterfaces */ = {
			isa = PBXNativeTarget;
			buildConfigurationList = 3AC1DB6226708A1500EDFF07 /* Build configuration list for PBXNativeTarget "38.MultiInterfaces" */;
			buildPhases = (
				3AC1DB4526708A1400EDFF07 /* Sources */,
				3AC1DB4626708A1400EDFF07 /* Frameworks */,
				3AC1DB4726708A1400EDFF07 /* Resources */,
			);
			buildRules = (
			);
			dependencies = (
			);
			name = 38.MultiInterfaces;
			productName = 38.MultiInterfaces;
			productReference = 3AC1DB4926708A1400EDFF07 /* 38.MultiInterfaces.app */;
			productType = "com.apple.product-type.application";
		};
/* End PBXNativeTarget section */

/* Begin PBXProject section */
		3AC1DB4126708A1400EDFF07 /* Project object */ = {
			isa = PBXProject;
			attributes = {
				LastUpgradeCheck = 1250;
				TargetAttributes = {
					3AC1DB4826708A1400EDFF07 = {
						CreatedOnToolsVersion = 12.5;
					};
				};
			};
			buildConfigurationList = 3AC1DB4426708A1400EDFF07 /* Build configuration list for PBXProject "38.MultiInterfaces" */;
			compatibilityVersion = "Xcode 9.3";
			developmentRegion = en;
			hasScannedForEncodings = 0;
			knownRegions = (
				en,
				Base,
			);
			mainGroup = 3AC1DB4026708A1400EDFF07;
			productRefGroup = 3AC1DB4A26708A1400EDFF07 /* Products */;
			projectDirPath = "";
			projectRoot = "";
			targets = (
				3AC1DB4826708A1400EDFF07 /* 38.MultiInterfaces */,
			);
		};
/* End PBXProject section */

/* Begin PBXResourcesBuildPhase section */
		3AC1DB4726708A1400EDFF07 /* Resources */ = {
			isa = PBXResourcesBuildPhase;
			buildActionMask = 2147483647;
			files = (
				3AC1DB5C26708A1500EDFF07 /* LaunchScreen.storyboard in Resources */,
				3AC1DB5926708A1500EDFF07 /* Assets.xcassets in Resources */,
				3AC1DB5726708A1400EDFF07 /* Main.storyboard in Resources */,
			);
			runOnlyForDeploymentPostprocessing = 0;
		};
/* End PBXResourcesBuildPhase section */

/* Begin PBXSourcesBuildPhase section */
		3AC1DB4526708A1400EDFF07 /* Sources */ = {
			isa = PBXSourcesBuildPhase;
			buildActionMask = 2147483647;
			files = (
				3AC1DB5426708A1400EDFF07 /* ViewController.m in Sources */,
				3AC1DB4E26708A1400EDFF07 /* AppDelegate.m in Sources */,
				3AC1DB6A26708A3100EDFF07 /* VCSecond.m in Sources */,
				3AC1DB6D26708A3B00EDFF07 /* VCThird.m in Sources */,
				3AC1DB5F26708A1500EDFF07 /* main.m in Sources */,
				3AC1DB6726708A2700EDFF07 /* VCFirst.m in Sources */,
				3AC1DB5126708A1400EDFF07 /* SceneDelegate.m in Sources */,
			);
			runOnlyForDeploymentPostprocessing = 0;
		};
/* End PBXSourcesBuildPhase section */

/* Begin PBXVariantGroup section */
		3AC1DB5526708A1400EDFF07 /* Main.storyboard */ = {
			isa = PBXVariantGroup;
			children = (
				3AC1DB5626708A1400EDFF07 /* Base */,
			);
			name = Main.storyboard;
			sourceTree = "<group>";
		};
		3AC1DB5A26708A1500EDFF07 /* LaunchScreen.storyboard */ = {
			isa = PBXVariantGroup;
			children = (
				3AC1DB5B26708A1500EDFF07 /* Base */,
			);
			name = LaunchScreen.storyboard;
			sourceTree = "<group>";
		};
/* End PBXVariantGroup section */

/* Begin XCBuildConfiguration section */
		3AC1DB6026708A1500EDFF07 /* Debug */ = {
			isa = XCBuildConfiguration;
			buildSettings = {
				ALWAYS_SEARCH_USER_PATHS = NO;
				CLANG_ANALYZER_NONNULL = YES;
				CLANG_ANALYZER_NUMBER_OBJECT_CONVERSION = YES_AGGRESSIVE;
				CLANG_CXX_LANGUAGE_STANDARD = "gnu++14";
				CLANG_CXX_LIBRARY = "libc++";
				CLANG_ENABLE_MODULES = YES;
				CLANG_ENABLE_OBJC_ARC = YES;
				CLANG_ENABLE_OBJC_WEAK = YES;
				CLANG_WARN_BLOCK_CAPTURE_AUTORELEASING = YES;
				CLANG_WARN_BOOL_CONVERSION = YES;
				CLANG_WARN_COMMA = YES;
				CLANG_WARN_CONSTANT_CONVERSION = YES;
				CLANG_WARN_DEPRECATED_OBJC_IMPLEMENTATIONS = YES;
				CLANG_WARN_DIRECT_OBJC_ISA_USAGE = YES_ERROR;
				CLANG_WARN_DOCUMENTATION_COMMENTS = YES;
				CLANG_WARN_EMPTY_BODY = YES;
				CLANG_WARN_ENUM_CONVERSION = YES;
				CLANG_WARN_INFINITE_RECURSION = YES;
				CLANG_WARN_INT_CONVERSION = YES;
				CLANG_WARN_NON_LITERAL_NULL_CONVERSION = YES;
				CLANG_WARN_OBJC_IMPLICIT_RETAIN_SELF = YES;
				CLANG_WARN_OBJC_LITERAL_CONVERSION = YES;
				CLANG_WARN_OBJC_ROOT_CLASS = YES_ERROR;
				CLANG_WARN_QUOTED_INCLUDE_IN_FRAMEWORK_HEADER = YES;
				CLANG_WARN_RANGE_LOOP_ANALYSIS = YES;
				CLANG_WARN_STRICT_PROTOTYPES = YES;
				CLANG_WARN_SUSPICIOUS_MOVE = YES;
				CLANG_WARN_UNGUARDED_AVAILABILITY = YES_AGGRESSIVE;
				CLANG_WARN_UNREACHABLE_CODE = YES;
				CLANG_WARN__DUPLICATE_METHOD_MATCH = YES;
				COPY_PHASE_STRIP = NO;
				DEBUG_INFORMATION_FORMAT = dwarf;
				ENABLE_STRICT_OBJC_MSGSEND = YES;
				ENABLE_TESTABILITY = YES;
				GCC_C_LANGUAGE_STANDARD = gnu11;
				GCC_DYNAMIC_NO_PIC = NO;
				GCC_NO_COMMON_BLOCKS = YES;
				GCC_OPTIMIZATION_LEVEL = 0;
				GCC_PREPROCESSOR_DEFINITIONS = (
					"DEBUG=1",
					"$(inherited)",
				);
				GCC_WARN_64_TO_32_BIT_CONVERSION = YES;
				GCC_WARN_ABOUT_RETURN_TYPE = YES_ERROR;
				GCC_WARN_UNDECLARED_SELECTOR = YES;
				GCC_WARN_UNINITIALIZED_AUTOS = YES_AGGRESSIVE;
				GCC_WARN_UNUSED_FUNCTION = YES;
				GCC_WARN_UNUSED_VARIABLE = YES;
				IPHONEOS_DEPLOYMENT_TARGET = 14.5;
				MTL_ENABLE_DEBUG_INFO = INCLUDE_SOURCE;
				MTL_FAST_MATH = YES;
				ONLY_ACTIVE_ARCH = YES;
				SDKROOT = iphoneos;
			};
			name = Debug;
		};
		3AC1DB6126708A1500EDFF07 /* Release */ = {
			isa = XCBuildConfiguration;
			buildSettings = {
				ALWAYS_SEARCH_USER_PATHS = NO;
				CLANG_ANALYZER_NONNULL = YES;
				CLANG_ANALYZER_NUMBER_OBJECT_CONVERSION = YES_AGGRESSIVE;
				CLANG_CXX_LANGUAGE_STANDARD = "gnu++14";
				CLANG_CXX_LIBRARY = "libc++";
				CLANG_ENABLE_MODULES = YES;
				CLANG_ENABLE_OBJC_ARC = YES;
				CLANG_ENABLE_OBJC_WEAK = YES;
				CLANG_WARN_BLOCK_CAPTURE_AUTORELEASING = YES;
				CLANG_WARN_BOOL_CONVERSION = YES;
				CLANG_WARN_COMMA = YES;
				CLANG_WARN_CONSTANT_CONVERSION = YES;
				CLANG_WARN_DEPRECATED_OBJC_IMPLEMENTATIONS = YES;
				CLANG_WARN_DIRECT_OBJC_ISA_USAGE = YES_ERROR;
				CLANG_WARN_DOCUMENTATION_COMMENTS = YES;
				CLANG_WARN_EMPTY_BODY = YES;
				CLANG_WARN_ENUM_CONVERSION = YES;
				CLANG_WARN_INFINITE_RECURSION = YES;
				CLANG_WARN_INT_CONVERSION = YES;
				CLANG_WARN_NON_LITERAL_NULL_CONVERSION = YES;
				CLANG_WARN_OBJC_IMPLICIT_RETAIN_SELF = YES;
				CLANG_WARN_OBJC_LITERAL_CONVERSION = YES;
				CLANG_WARN_OBJC_ROOT_CLASS = YES_ERROR;
				CLANG_WARN_QUOTED_INCLUDE_IN_FRAMEWORK_HEADER = YES;
				CLANG_WARN_RANGE_LOOP_ANALYSIS = YES;
				CLANG_WARN_STRICT_PROTOTYPES = YES;
				CLANG_WARN_SUSPICIOUS_MOVE = YES;
				CLANG_WARN_UNGUARDED_AVAILABILITY = YES_AGGRESSIVE;
				CLANG_WARN_UNREACHABLE_CODE = YES;
				CLANG_WARN__DUPLICATE_METHOD_MATCH = YES;
				COPY_PHASE_STRIP = NO;
				DEBUG_INFORMATION_FORMAT = "dwarf-with-dsym";
				ENABLE_NS_ASSERTIONS = NO;
				ENABLE_STRICT_OBJC_MSGSEND = YES;
				GCC_C_LANGUAGE_STANDARD = gnu11;
				GCC_NO_COMMON_BLOCKS = YES;
				GCC_WARN_64_TO_32_BIT_CONVERSION = YES;
				GCC_WARN_ABOUT_RETURN_TYPE = YES_ERROR;
				GCC_WARN_UNDECLARED_SELECTOR = YES;
				GCC_WARN_UNINITIALIZED_AUTOS = YES_AGGRESSIVE;
				GCC_WARN_UNUSED_FUNCTION = YES;
				GCC_WARN_UNUSED_VARIABLE = YES;
				IPHONEOS_DEPLOYMENT_TARGET = 14.5;
				MTL_ENABLE_DEBUG_INFO = NO;
				MTL_FAST_MATH = YES;
				SDKROOT = iphoneos;
				VALIDATE_PRODUCT = YES;
			};
			name = Release;
		};
		3AC1DB6326708A1500EDFF07 /* Debug */ = {
			isa = XCBuildConfiguration;
			buildSettings = {
				ASSETCATALOG_COMPILER_APPICON_NAME = AppIcon;
				ASSETCATALOG_COMPILER_GLOBAL_ACCENT_COLOR_NAME = AccentColor;
				CODE_SIGN_STYLE = Automatic;
				DEVELOPMENT_TEAM = SJFU9TNYYX;
				INFOPLIST_FILE = 38.MultiInterfaces/Info.plist;
				LD_RUNPATH_SEARCH_PATHS = (
					"$(inherited)",
					"@executable_path/Frameworks",
				);
				PRODUCT_BUNDLE_IDENTIFIER = "none.-8-MultiInterfaces";
				PRODUCT_NAME = "$(TARGET_NAME)";
				TARGETED_DEVICE_FAMILY = "1,2";
			};
			name = Debug;
		};
		3AC1DB6426708A1500EDFF07 /* Release */ = {
			isa = XCBuildConfiguration;
			buildSettings = {
				ASSETCATALOG_COMPILER_APPICON_NAME = AppIcon;
				ASSETCATALOG_COMPILER_GLOBAL_ACCENT_COLOR_NAME = AccentColor;
				CODE_SIGN_STYLE = Automatic;
				DEVELOPMENT_TEAM = SJFU9TNYYX;
				INFOPLIST_FILE = 38.MultiInterfaces/Info.plist;
				LD_RUNPATH_SEARCH_PATHS = (
					"$(inherited)",
					"@executable_path/Frameworks",
				);
				PRODUCT_BUNDLE_IDENTIFIER = "none.-8-MultiInterfaces";
				PRODUCT_NAME = "$(TARGET_NAME)";
				TARGETED_DEVICE_FAMILY = "1,2";
			};
			name = Release;
		};
/* End XCBuildConfiguration section */

/* Begin XCConfigurationList section */
		3AC1DB4426708A1400EDFF07 /* Build configuration list for PBXProject "38.MultiInterfaces" */ = {
			isa = XCConfigurationList;
			buildConfigurations = (
				3AC1DB6026708A1500EDFF07 /* Debug */,
				3AC1DB6126708A1500EDFF07 /* Release */,
			);
			defaultConfigurationIsVisible = 0;
			defaultConfigurationName = Release;
		};
		3AC1DB6226708A1500EDFF07 /* Build configuration list for PBXNativeTarget "38.MultiInterfaces" */ = {
			isa = XCConfigurationList;
			buildConfigurations = (
				3AC1DB6326708A1500EDFF07 /* Debug */,
				3AC1DB6426708A1500EDFF07 /* Release */,
			);
			defaultConfigurationIsVisible = 0;
			defaultConfigurationName = Release;
		};
/* End XCConfigurationList section */
	};
	rootObject = 3AC1DB4126708A1400EDFF07 /* Project object */;
}
